Microsoft Visual Studio Solution File, Format Version 11.00
# Visual Studio 2008

Project("{8AE0B16E-2E8A-1D18-34F4-1EAE241FE2D7}") = "SClimber", "Assembly-CSharp.csproj", "{91B3894A-F3B5-B51B-233A-65C2EAAD21A4}"
EndProject
Project("{8AE0B16E-2E8A-1D18-34F4-1EAE241FE2D7}") = "SClimber", "Assembly-CSharp-Editor.csproj", "{9FBB28AB-9BC8-65CF-AC49-D7CF3494BC67}"
EndProject
Project("{8AE0B16E-2E8A-1D18-34F4-1EAE241FE2D7}") = "SClimber", "Assembly-UnityScript.unityproj", "{83888353-A5AE-3089-E5B1-20B711341163}"
EndProject
Global
	GlobalSection(SolutionConfigurationPlatforms) = preSolution
		Debug|Any CPU = Debug|Any CPU
		Release|Any CPU = Release|Any CPU
	EndGlobalSection
	GlobalSection(ProjectConfigurationPlatforms) = postSolution
		{91B3894A-F3B5-B51B-233A-65C2EAAD21A4}.Debug|Any CPU.ActiveCfg = Debug|Any CPU
		{91B3894A-F3B5-B51B-233A-65C2EAAD21A4}.Debug|Any CPU.Build.0 = Debug|Any CPU
		{91B3894A-F3B5-B51B-233A-65C2EAAD21A4}.Release|Any CPU.ActiveCfg = Release|Any CPU
		{91B3894A-F3B5-B51B-233A-65C2EAAD21A4}.Release|Any CPU.Build.0 = Release|Any CPU
		{9FBB28AB-9BC8-65CF-AC49-D7CF3494BC67}.Debug|Any CPU.ActiveCfg = Debug|Any CPU
		{9FBB28AB-9BC8-65CF-AC49-D7CF3494BC67}.Debug|Any CPU.Build.0 = Debug|Any CPU
		{9FBB28AB-9BC8-65CF-AC49-D7CF3494BC67}.Release|Any CPU.ActiveCfg = Release|Any CPU
		{9FBB28AB-9BC8-65CF-AC49-D7CF3494BC67}.Release|Any CPU.Build.0 = Release|Any CPU
		{83888353-A5AE-3089-E5B1-20B711341163}.Debug|Any CPU.ActiveCfg = Debug|Any CPU
		{83888353-A5AE-3089-E5B1-20B711341163}.Debug|Any CPU.Build.0 = Debug|Any CPU
		{83888353-A5AE-3089-E5B1-20B711341163}.Release|Any CPU.ActiveCfg = Release|Any CPU
		{83888353-A5AE-3089-E5B1-20B711341163}.Release|Any CPU.Build.0 = Release|Any CPU
	EndGlobalSection
	GlobalSection(SolutionProperties) = preSolution
		HideSolutionNode = FALSE
	EndGlobalSection
	GlobalSection(MonoDevelopProperties) = preSolution
		StartupItem = Assembly-CSharp.csproj
		Policies = $0
		$0.TextStylePolicy = $1
		$1.inheritsSet = null
		$1.scope = text/x-csharp
		$0.CSharpFormattingPolicy = $2
		$2.inheritsSet = Mono
		$2.inheritsScope = text/x-csharp
		$2.scope = text/x-csharp
		$0.TextStylePolicy = $3
		$3.FileWidth = 120
		$3.TabWidth = 4
		$3.IndentWidth = 4
		$3.EolMarker = Unix
		$3.inheritsSet = Mono
		$3.inheritsScope = text/plain
		$3.scope = text/plain
	EndGlobalSection
EndGlobal
